// !$*UTF8*$!
{
	archiveVersion = 1;
	classes = {
	};
	objectVersion = 50;
	objects = {

/* Begin PBXBuildFile section */
		29BFE9BC2560FC7C008FD849 /* AppDelegate.swift in Sources */ = {isa = PBXBuildFile; fileRef = 29BFE9BB2560FC7C008FD849 /* AppDelegate.swift */; };
		29BFE9BE2560FC7C008FD849 /* SceneDelegate.swift in Sources */ = {isa = PBXBuildFile; fileRef = 29BFE9BD2560FC7C008FD849 /* SceneDelegate.swift */; };
		29BFE9C02560FC7C008FD849 /* ContentView.swift in Sources */ = {isa = PBXBuildFile; fileRef = 29BFE9BF2560FC7C008FD849 /* ContentView.swift */; };
		29BFE9C22560FC7E008FD849 /* Assets.xcassets in Resources */ = {isa = PBXBuildFile; fileRef = 29BFE9C12560FC7E008FD849 /* Assets.xcassets */; };
		29BFE9C52560FC7E008FD849 /* Preview Assets.xcassets in Resources */ = {isa = PBXBuildFile; fileRef = 29BFE9C42560FC7E008FD849 /* Preview Assets.xcassets */; };
		29BFE9C82560FC7E008FD849 /* LaunchScreen.storyboard in Resources */ = {isa = PBXBuildFile; fileRef = 29BFE9C62560FC7E008FD849 /* LaunchScreen.storyboard */; };
/* End PBXBuildFile section */

/* Begin PBXFileReference section */
		29BFE9B82560FC7C008FD849 /* MusicShareApp.app */ = {isa = PBXFileReference; explicitFileType = wrapper.application; includeInIndex = 0; path = MusicShareApp.app; sourceTree = BUILT_PRODUCTS_DIR; };
		29BFE9BB2560FC7C008FD849 /* AppDelegate.swift */ = {isa = PBXFileReference; lastKnownFileType = sourcecode.swift; path = AppDelegate.swift; sourceTree = "<group>"; };
		29BFE9BD2560FC7C008FD849 /* SceneDelegate.swift */ = {isa = PBXFileReference; lastKnownFileType = sourcecode.swift; path = SceneDelegate.swift; sourceTree = "<group>"; };
		29BFE9BF2560FC7C008FD849 /* ContentView.swift */ = {isa = PBXFileReference; lastKnownFileType = sourcecode.swift; path = ContentView.swift; sourceTree = "<group>"; };
		29BFE9C12560FC7E008FD849 /* Assets.xcassets */ = {isa = PBXFileReference; lastKnownFileType = folder.assetcatalog; path = Assets.xcassets; sourceTree = "<group>"; };
		29BFE9C42560FC7E008FD849 /* Preview Assets.xcassets */ = {isa = PBXFileReference; lastKnownFileType = folder.assetcatalog; path = "Preview Assets.xcassets"; sourceTree = "<group>"; };
		29BFE9C72560FC7E008FD849 /* Base */ = {isa = PBXFileReference; lastKnownFileType = file.storyboard; name = Base; path = Base.lproj/LaunchScreen.storyboard; sourceTree = "<group>"; };
		29BFE9C92560FC7E008FD849 /* Info.plist */ = {isa = PBXFileReference; lastKnownFileType = text.plist.xml; path = Info.plist; sourceTree = "<group>"; };
/* End PBXFileReference section */

/* Begin PBXFrameworksBuildPhase section */
		29BFE9B52560FC7C008FD849 /* Frameworks */ = {
			isa = PBXFrameworksBuildPhase;
			buildActionMask = 2147483647;
			files = (
			);
			runOnlyForDeploymentPostprocessing = 0;
		};
/* End PBXFrameworksBuildPhase section */

/* Begin PBXGroup section */
		29BFE9AF2560FC7C008FD849 = {
			isa = PBXGroup;
			children = (
				29BFE9BA2560FC7C008FD849 /* MusicShareApp */,
				29BFE9B92560FC7C008FD849 /* Products */,
			);
			sourceTree = "<group>";
		};
		29BFE9B92560FC7C008FD849 /* Products */ = {
			isa = PBXGroup;
			children = (
				29BFE9B82560FC7C008FD849 /* MusicShareApp.app */,
			);
			name = Products;
			sourceTree = "<group>";
		};
		29BFE9BA2560FC7C008FD849 /* MusicShareApp */ = {
			isa = PBXGroup;
			children = (
				29BFE9BB2560FC7C008FD849 /* AppDelegate.swift */,
				29BFE9BD2560FC7C008FD849 /* SceneDelegate.swift */,
				29BFE9BF2560FC7C008FD849 /* ContentView.swift */,
				29BFE9C12560FC7E008FD849 /* Assets.xcassets */,
				29BFE9C62560FC7E008FD849 /* LaunchScreen.storyboard */,
				29BFE9C92560FC7E008FD849 /* Info.plist */,
				29BFE9C32560FC7E008FD849 /* Preview Content */,
			);
			path = MusicShareApp;
			sourceTree = "<group>";
		};
		29BFE9C32560FC7E008FD849 /* Preview Content */ = {
			isa = PBXGroup;
			children = (
				29BFE9C42560FC7E008FD849 /* Preview Assets.xcassets */,
			);
			path = "Preview Content";
			sourceTree = "<group>";
		};
/* End PBXGroup section */

/* Begin PBXNativeTarget section */
		29BFE9B72560FC7C008FD849 /* MusicShareApp */ = {
			isa = PBXNativeTarget;
			buildConfigurationList = 29BFE9CC2560FC7E008FD849 /* Build configuration list for PBXNativeTarget "MusicShareApp" */;
			buildPhases = (
				29BFE9B42560FC7C008FD849 /* Sources */,
				29BFE9B52560FC7C008FD849 /* Frameworks */,
				29BFE9B62560FC7C008FD849 /* Resources */,
			);
			buildRules = (
			);
			dependencies = (
			);
			name = MusicShareApp;
			productName = MusicShareApp;
			productReference = 29BFE9B82560FC7C008FD849 /* MusicShareApp.app */;
			productType = "com.apple.product-type.application";
		};
/* End PBXNativeTarget section */

/* Begin PBXProject section */
		29BFE9B02560FC7C008FD849 /* Project object */ = {
			isa = PBXProject;
			attributes = {
				LastSwiftUpdateCheck = 1210;
				LastUpgradeCheck = 1210;
				TargetAttributes = {
					29BFE9B72560FC7C008FD849 = {
						CreatedOnToolsVersion = 12.1;
					};
				};
			};
			buildConfigurationList = 29BFE9B32560FC7C008FD849 /* Build configuration list for PBXProject "MusicShareApp" */;
			compatibilityVersion = "Xcode 9.3";
			developmentRegion = en;
			hasScannedForEncodings = 0;
			knownRegions = (
				en,
				Base,
			);
			mainGroup = 29BFE9AF2560FC7C008FD849;
			productRefGroup = 29BFE9B92560FC7C008FD849 /* Products */;
			projectDirPath = "";
			projectRoot = "";
			targets = (
				29BFE9B72560FC7C008FD849 /* MusicShareApp */,
			);
		};
/* End PBXProject section */

/* Begin PBXResourcesBuildPhase section */
		29BFE9B62560FC7C008FD849 /* Resources */ = {
			isa = PBXResourcesBuildPhase;
			buildActionMask = 2147483647;
			files = (
				29BFE9C82560FC7E008FD849 /* LaunchScreen.storyboard in Resources */,
				29BFE9C52560FC7E008FD849 /* Preview Assets.xcassets in Resources */,
				29BFE9C22560FC7E008FD849 /* Assets.xcassets in Resources */,
			);
			runOnlyForDeploymentPostprocessing = 0;
		};
/* End PBXResourcesBuildPhase section */

/* Begin PBXSourcesBuildPhase section */
		29BFE9B42560FC7C008FD849 /* Sources */ = {
			isa = PBXSourcesBuildPhase;
			buildActionMask = 2147483647;
			files = (
				29BFE9BC2560FC7C008FD849 /* AppDelegate.swift in Sources */,
				29BFE9BE2560FC7C008FD849 /* SceneDelegate.swift in Sources */,
				29BFE9C02560FC7C008FD849 /* ContentView.swift in Sources */,
			);
			runOnlyForDeploymentPostprocessing = 0;
		};
/* End PBXSourcesBuildPhase section */

/* Begin PBXVariantGroup section */
		29BFE9C62560FC7E008FD849 /* LaunchScreen.storyboard */ = {
			isa = PBXVariantGroup;
			children = (
				29BFE9C72560FC7E008FD849 /* Base */,
			);
			name = LaunchScreen.storyboard;
			sourceTree = "<group>";
		};
/* End PBXVariantGroup section */

/* Begin XCBuildConfiguration section */
		29BFE9CA2560FC7E008FD849 /* Debug */ = {
			isa = XCBuildConfiguration;
			buildSettings = {
				ALWAYS_SEARCH_USER_PATHS = NO;
				CLANG_ANALYZER_NONNULL = YES;
				CLANG_ANALYZER_NUMBER_OBJECT_CONVERSION = YES_AGGRESSIVE;
				CLANG_CXX_LANGUAGE_STANDARD = "gnu++14";
				CLANG_CXX_LIBRARY = "libc++";
				CLANG_ENABLE_MODULES = YES;
				CLANG_ENABLE_OBJC_ARC = YES;
				CLANG_ENABLE_OBJC_WEAK = YES;
				CLANG_WARN_BLOCK_CAPTURE_AUTORELEASING = YES;
				CLANG_WARN_BOOL_CONVERSION = YES;
				CLANG_WARN_COMMA = YES;
				CLANG_WARN_CONSTANT_CONVERSION = YES;
				CLANG_WARN_DEPRECATED_OBJC_IMPLEMENTATIONS = YES;
				CLANG_WARN_DIRECT_OBJC_ISA_USAGE = YES_ERROR;
				CLANG_WARN_DOCUMENTATION_COMMENTS = YES;
				CLANG_WARN_EMPTY_BODY = YES;
				CLANG_WARN_ENUM_CONVERSION = YES;
				CLANG_WARN_INFINITE_RECURSION = YES;
				CLANG_WARN_INT_CONVERSION = YES;
				CLANG_WARN_NON_LITERAL_NULL_CONVERSION = YES;
				CLANG_WARN_OBJC_IMPLICIT_RETAIN_SELF = YES;
				CLANG_WARN_OBJC_LITERAL_CONVERSION = YES;
				CLANG_WARN_OBJC_ROOT_CLASS = YES_ERROR;
				CLANG_WARN_QUOTED_INCLUDE_IN_FRAMEWORK_HEADER = YES;
				CLANG_WARN_RANGE_LOOP_ANALYSIS = YES;
				CLANG_WARN_STRICT_PROTOTYPES = YES;
				CLANG_WARN_SUSPICIOUS_MOVE = YES;
				CLANG_WARN_UNGUARDED_AVAILABILITY = YES_AGGRESSIVE;
				CLANG_WARN_UNREACHABLE_CODE = YES;
				CLANG_WARN__DUPLICATE_METHOD_MATCH = YES;
				COPY_PHASE_STRIP = NO;
				DEBUG_INFORMATION_FORMAT = dwarf;
				ENABLE_STRICT_OBJC_MSGSEND = YES;
				ENABLE_TESTABILITY = YES;
				GCC_C_LANGUAGE_STANDARD = gnu11;
				GCC_DYNAMIC_NO_PIC = NO;
				GCC_NO_COMMON_BLOCKS = YES;
				GCC_OPTIMIZATION_LEVEL = 0;
				GCC_PREPROCESSOR_DEFINITIONS = (
					"DEBUG=1",
					"$(inherited)",
				);
				GCC_WARN_64_TO_32_BIT_CONVERSION = YES;
				GCC_WARN_ABOUT_RETURN_TYPE = YES_ERROR;
				GCC_WARN_UNDECLARED_SELECTOR = YES;
				GCC_WARN_UNINITIALIZED_AUTOS = YES_AGGRESSIVE;
				GCC_WARN_UNUSED_FUNCTION = YES;
				GCC_WARN_UNUSED_VARIABLE = YES;
				IPHONEOS_DEPLOYMENT_TARGET = 14.1;
				MTL_ENABLE_DEBUG_INFO = INCLUDE_SOURCE;
				MTL_FAST_MATH = YES;
				ONLY_ACTIVE_ARCH = YES;
				SDKROOT = iphoneos;
				SWIFT_ACTIVE_COMPILATION_CONDITIONS = DEBUG;
				SWIFT_OPTIMIZATION_LEVEL = "-Onone";
			};
			name = Debug;
		};
		29BFE9CB2560FC7E008FD849 /* Release */ = {
			isa = XCBuildConfiguration;
			buildSettings = {
				ALWAYS_SEARCH_USER_PATHS = NO;
				CLANG_ANALYZER_NONNULL = YES;
				CLANG_ANALYZER_NUMBER_OBJECT_CONVERSION = YES_AGGRESSIVE;
				CLANG_CXX_LANGUAGE_STANDARD = "gnu++14";
				CLANG_CXX_LIBRARY = "libc++";
				CLANG_ENABLE_MODULES = YES;
				CLANG_ENABLE_OBJC_ARC = YES;
				CLANG_ENABLE_OBJC_WEAK = YES;
				CLANG_WARN_BLOCK_CAPTURE_AUTORELEASING = YES;
				CLANG_WARN_BOOL_CONVERSION = YES;
				CLANG_WARN_COMMA = YES;
				CLANG_WARN_CONSTANT_CONVERSION = YES;
				CLANG_WARN_DEPRECATED_OBJC_IMPLEMENTATIONS = YES;
				CLANG_WARN_DIRECT_OBJC_ISA_USAGE = YES_ERROR;
				CLANG_WARN_DOCUMENTATION_COMMENTS = YES;
				CLANG_WARN_EMPTY_BODY = YES;
				CLANG_WARN_ENUM_CONVERSION = YES;
				CLANG_WARN_INFINITE_RECURSION = YES;
				CLANG_WARN_INT_CONVERSION = YES;
				CLANG_WARN_NON_LITERAL_NULL_CONVERSION = YES;
				CLANG_WARN_OBJC_IMPLICIT_RETAIN_SELF = YES;
				CLANG_WARN_OBJC_LITERAL_CONVERSION = YES;
				CLANG_WARN_OBJC_ROOT_CLASS = YES_ERROR;
				CLANG_WARN_QUOTED_INCLUDE_IN_FRAMEWORK_HEADER = YES;
				CLANG_WARN_RANGE_LOOP_ANALYSIS = YES;
				CLANG_WARN_STRICT_PROTOTYPES = YES;
				CLANG_WARN_SUSPICIOUS_MOVE = YES;
				CLANG_WARN_UNGUARDED_AVAILABILITY = YES_AGGRESSIVE;
				CLANG_WARN_UNREACHABLE_CODE = YES;
				CLANG_WARN__DUPLICATE_METHOD_MATCH = YES;
				COPY_PHASE_STRIP = NO;
				DEBUG_INFORMATION_FORMAT = "dwarf-with-dsym";
				ENABLE_NS_ASSERTIONS = NO;
				ENABLE_STRICT_OBJC_MSGSEND = YES;
				GCC_C_LANGUAGE_STANDARD = gnu11;
				GCC_NO_COMMON_BLOCKS = YES;
				GCC_WARN_64_TO_32_BIT_CONVERSION = YES;
				GCC_WARN_ABOUT_RETURN_TYPE = YES_ERROR;
				GCC_WARN_UNDECLARED_SELECTOR = YES;
				GCC_WARN_UNINITIALIZED_AUTOS = YES_AGGRESSIVE;
				GCC_WARN_UNUSED_FUNCTION = YES;
				GCC_WARN_UNUSED_VARIABLE = YES;
				IPHONEOS_DEPLOYMENT_TARGET = 14.1;
				MTL_ENABLE_DEBUG_INFO = NO;
				MTL_FAST_MATH = YES;
				SDKROOT = iphoneos;
				SWIFT_COMPILATION_MODE = wholemodule;
				SWIFT_OPTIMIZATION_LEVEL = "-O";
				VALIDATE_PRODUCT = YES;
			};
			name = Release;
		};
		29BFE9CD2560FC7E008FD849 /* Debug */ = {
			isa = XCBuildConfiguration;
			buildSettings = {
				ASSETCATALOG_COMPILER_APPICON_NAME = AppIcon;
				ASSETCATALOG_COMPILER_GLOBAL_ACCENT_COLOR_NAME = AccentColor;
				CODE_SIGN_STYLE = Automatic;
				DEVELOPMENT_ASSET_PATHS = "\"MusicShareApp/Preview Content\"";
				DEVELOPMENT_TEAM = W65KQ6N58D;
				ENABLE_PREVIEWS = YES;
				INFOPLIST_FILE = MusicShareApp/Info.plist;
				LD_RUNPATH_SEARCH_PATHS = (
					"$(inherited)",
					"@executable_path/Frameworks",
				);
				PRODUCT_BUNDLE_IDENTIFIER = com.takuyayanase.MusicShareApp;
				PRODUCT_NAME = "$(TARGET_NAME)";
				SWIFT_VERSION = 5.0;
				TARGETED_DEVICE_FAMILY = "1,2";
			};
			name = Debug;
		};
		29BFE9CE2560FC7E008FD849 /* Release */ = {
			isa = XCBuildConfiguration;
			buildSettings = {
				ASSETCATALOG_COMPILER_APPICON_NAME = AppIcon;
				ASSETCATALOG_COMPILER_GLOBAL_ACCENT_COLOR_NAME = AccentColor;
				CODE_SIGN_STYLE = Automatic;
				DEVELOPMENT_ASSET_PATHS = "\"MusicShareApp/Preview Content\"";
				DEVELOPMENT_TEAM = W65KQ6N58D;
				ENABLE_PREVIEWS = YES;
				INFOPLIST_FILE = MusicShareApp/Info.plist;
				LD_RUNPATH_SEARCH_PATHS = (
					"$(inherited)",
					"@executable_path/Frameworks",
				);
				PRODUCT_BUNDLE_IDENTIFIER = com.takuyayanase.MusicShareApp;
				PRODUCT_NAME = "$(TARGET_NAME)";
				SWIFT_VERSION = 5.0;
				TARGETED_DEVICE_FAMILY = "1,2";
			};
			name = Release;
		};
/* End XCBuildConfiguration section */

/* Begin XCConfigurationList section */
		29BFE9B32560FC7C008FD849 /* Build configuration list for PBXProject "MusicShareApp" */ = {
			isa = XCConfigurationList;
			buildConfigurations = (
				29BFE9CA2560FC7E008FD849 /* Debug */,
				29BFE9CB2560FC7E008FD849 /* Release */,
			);
			defaultConfigurationIsVisible = 0;
			defaultConfigurationName = Release;
		};
		29BFE9CC2560FC7E008FD849 /* Build configuration list for PBXNativeTarget "MusicShareApp" */ = {
			isa = XCConfigurationList;
			buildConfigurations = (
				29BFE9CD2560FC7E008FD849 /* Debug */,
				29BFE9CE2560FC7E008FD849 /* Release */,
			);
			defaultConfigurationIsVisible = 0;
			defaultConfigurationName = Release;
		};
/* End XCConfigurationList section */
	};
	rootObject = 29BFE9B02560FC7C008FD849 /* Project object */;
}
